
Microsoft Visual Studio Solution File, Format Version 12.00
# Visual Studio Version 16
VisualStudioVersion = 16.0.30114.105
MinimumVisualStudioVersion = 10.0.40219.1
Project("{FAE04EC0-301F-11D3-BF4B-00C04F79EFBC}") = "Template.Api", "Template.Api\Template.Api.csproj", "{904E1856-1E7A-4300-8C37-A88EFE89927B}"
EndProject
Project("{FAE04EC0-301F-11D3-BF4B-00C04F79EFBC}") = "Template.Common", "Template.Common\Template.Common.csproj", "{7492D986-3A81-44ED-8418-3B5E6EE6586A}"
EndProject
Project("{FAE04EC0-301F-11D3-BF4B-00C04F79EFBC}") = "Template.Core", "Template.Core\Template.Core.csproj", "{709D0131-A7FF-4F00-92CF-1709EE820D03}"
EndProject
Project("{FAE04EC0-301F-11D3-BF4B-00C04F79EFBC}") = "Template.Data", "Template.Data\Template.Data.csproj", "{3BE95543-8347-442A-B834-9AAC8A8C3CA6}"
EndProject
Project("{FAE04EC0-301F-11D3-BF4B-00C04F79EFBC}") = "Template.Service", "Template.Service\Template.Service.csproj", "{65A9CD93-502E-428C-B648-FB4F4F89176B}"
EndProject
Global
	GlobalSection(SolutionConfigurationPlatforms) = preSolution
		Debug|Any CPU = Debug|Any CPU
		Release|Any CPU = Release|Any CPU
	EndGlobalSection
	GlobalSection(ProjectConfigurationPlatforms) = postSolution
		{904E1856-1E7A-4300-8C37-A88EFE89927B}.Debug|Any CPU.ActiveCfg = Debug|Any CPU
		{904E1856-1E7A-4300-8C37-A88EFE89927B}.Debug|Any CPU.Build.0 = Debug|Any CPU
		{904E1856-1E7A-4300-8C37-A88EFE89927B}.Release|Any CPU.ActiveCfg = Release|Any CPU
		{904E1856-1E7A-4300-8C37-A88EFE89927B}.Release|Any CPU.Build.0 = Release|Any CPU
		{7492D986-3A81-44ED-8418-3B5E6EE6586A}.Debug|Any CPU.ActiveCfg = Debug|Any CPU
		{7492D986-3A81-44ED-8418-3B5E6EE6586A}.Debug|Any CPU.Build.0 = Debug|Any CPU
		{7492D986-3A81-44ED-8418-3B5E6EE6586A}.Release|Any CPU.ActiveCfg = Release|Any CPU
		{7492D986-3A81-44ED-8418-3B5E6EE6586A}.Release|Any CPU.Build.0 = Release|Any CPU
		{709D0131-A7FF-4F00-92CF-1709EE820D03}.Debug|Any CPU.ActiveCfg = Debug|Any CPU
		{709D0131-A7FF-4F00-92CF-1709EE820D03}.Debug|Any CPU.Build.0 = Debug|Any CPU
		{709D0131-A7FF-4F00-92CF-1709EE820D03}.Release|Any CPU.ActiveCfg = Release|Any CPU
		{709D0131-A7FF-4F00-92CF-1709EE820D03}.Release|Any CPU.Build.0 = Release|Any CPU
		{3BE95543-8347-442A-B834-9AAC8A8C3CA6}.Debug|Any CPU.ActiveCfg = Debug|Any CPU
		{3BE95543-8347-442A-B834-9AAC8A8C3CA6}.Debug|Any CPU.Build.0 = Debug|Any CPU
		{3BE95543-8347-442A-B834-9AAC8A8C3CA6}.Release|Any CPU.ActiveCfg = Release|Any CPU
		{3BE95543-8347-442A-B834-9AAC8A8C3CA6}.Release|Any CPU.Build.0 = Release|Any CPU
		{65A9CD93-502E-428C-B648-FB4F4F89176B}.Debug|Any CPU.ActiveCfg = Debug|Any CPU
		{65A9CD93-502E-428C-B648-FB4F4F89176B}.Debug|Any CPU.Build.0 = Debug|Any CPU
		{65A9CD93-502E-428C-B648-FB4F4F89176B}.Release|Any CPU.ActiveCfg = Release|Any CPU
		{65A9CD93-502E-428C-B648-FB4F4F89176B}.Release|Any CPU.Build.0 = Release|Any CPU
	EndGlobalSection
	GlobalSection(SolutionProperties) = preSolution
		HideSolutionNode = FALSE
	EndGlobalSection
	GlobalSection(ExtensibilityGlobals) = postSolution
		SolutionGuid = {6EF703C8-C9E8-4A0B-9EEC-9B853C7AAFA3}
	EndGlobalSection
EndGlobal
